
Microsoft Visual Studio Solution File, Format Version 12.00
# Visual Studio Version 17
VisualStudioVersion = 17.4.33110.190
MinimumVisualStudioVersion = 10.0.40219.1
Project("{FAE04EC0-301F-11D3-BF4B-00C04F79EFBC}") = "UP 8 Console", "UP 8 Console\UP 8 Console.csproj", "{EF1FCC79-2578-4E56-A66D-54976C23A8EF}"
EndProject
Project("{FAE04EC0-301F-11D3-BF4B-00C04F79EFBC}") = "UP 8 GUI", "UP 8 GUI\UP 8 GUI.csproj", "{E26349E7-41B4-4743-8F83-1D46230CC848}"
EndProject
Global
	GlobalSection(SolutionConfigurationPlatforms) = preSolution
		Debug|Any CPU = Debug|Any CPU
		Release|Any CPU = Release|Any CPU
	EndGlobalSection
	GlobalSection(ProjectConfigurationPlatforms) = postSolution
		{EF1FCC79-2578-4E56-A66D-54976C23A8EF}.Debug|Any CPU.ActiveCfg = Debug|Any CPU
		{EF1FCC79-2578-4E56-A66D-54976C23A8EF}.Debug|Any CPU.Build.0 = Debug|Any CPU
		{EF1FCC79-2578-4E56-A66D-54976C23A8EF}.Release|Any CPU.ActiveCfg = Release|Any CPU
		{EF1FCC79-2578-4E56-A66D-54976C23A8EF}.Release|Any CPU.Build.0 = Release|Any CPU
		{E26349E7-41B4-4743-8F83-1D46230CC848}.Debug|Any CPU.ActiveCfg = Debug|Any CPU
		{E26349E7-41B4-4743-8F83-1D46230CC848}.Debug|Any CPU.Build.0 = Debug|Any CPU
		{E26349E7-41B4-4743-8F83-1D46230CC848}.Release|Any CPU.ActiveCfg = Release|Any CPU
		{E26349E7-41B4-4743-8F83-1D46230CC848}.Release|Any CPU.Build.0 = Release|Any CPU
	EndGlobalSection
	GlobalSection(SolutionProperties) = preSolution
		HideSolutionNode = FALSE
	EndGlobalSection
	GlobalSection(ExtensibilityGlobals) = postSolution
		SolutionGuid = {2A54C57C-FEDB-41E8-99A9-2322C6BC238C}
	EndGlobalSection
EndGlobal
